
Microsoft Visual Studio Solution File, Format Version 12.00
# Visual Studio 15
VisualStudioVersion = 15.0.26730.16
MinimumVisualStudioVersion = 10.0.40219.1
Project("{FAE04EC0-301F-11D3-BF4B-00C04F79EFBC}") = "Jenkins", "Jenkins\Jenkins.csproj", "{58C24677-9201-45A9-ABF5-770070E26F6B}"
EndProject
Project("{FAE04EC0-301F-11D3-BF4B-00C04F79EFBC}") = "Tests", "Tests\Tests.csproj", "{F7BE5327-0987-40F0-A515-304097EB89B3}"
EndProject
Global
	GlobalSection(SolutionConfigurationPlatforms) = preSolution
		Debug|Any CPU = Debug|Any CPU
		Release|Any CPU = Release|Any CPU
	EndGlobalSection
	GlobalSection(ProjectConfigurationPlatforms) = postSolution
		{58C24677-9201-45A9-ABF5-770070E26F6B}.Debug|Any CPU.ActiveCfg = Debug|Any CPU
		{58C24677-9201-45A9-ABF5-770070E26F6B}.Debug|Any CPU.Build.0 = Debug|Any CPU
		{58C24677-9201-45A9-ABF5-770070E26F6B}.Release|Any CPU.ActiveCfg = Release|Any CPU
		{58C24677-9201-45A9-ABF5-770070E26F6B}.Release|Any CPU.Build.0 = Release|Any CPU
		{F7BE5327-0987-40F0-A515-304097EB89B3}.Debug|Any CPU.ActiveCfg = Debug|Any CPU
		{F7BE5327-0987-40F0-A515-304097EB89B3}.Debug|Any CPU.Build.0 = Debug|Any CPU
		{F7BE5327-0987-40F0-A515-304097EB89B3}.Release|Any CPU.ActiveCfg = Release|Any CPU
		{F7BE5327-0987-40F0-A515-304097EB89B3}.Release|Any CPU.Build.0 = Release|Any CPU
	EndGlobalSection
	GlobalSection(SolutionProperties) = preSolution
		HideSolutionNode = FALSE
	EndGlobalSection
	GlobalSection(ExtensibilityGlobals) = postSolution
		SolutionGuid = {9020AE13-6B31-4216-86EF-84C2839149FA}
	EndGlobalSection
EndGlobal
